
Microsoft Visual Studio Solution File, Format Version 12.00
# Visual Studio Version 17
VisualStudioVersion = 17.4.33122.133
MinimumVisualStudioVersion = 10.0.40219.1
Project("{FAE04EC0-301F-11D3-BF4B-00C04F79EFBC}") = "TestConsole", "TestConsole\TestConsole.csproj", "{2F85EF8E-A1C3-4FE4-8C2D-7D524D667929}"
EndProject
Project("{FAE04EC0-301F-11D3-BF4B-00C04F79EFBC}") = "Library", "Library\Library.csproj", "{305D830A-F914-4C54-8A86-E404F26E8C9F}"
EndProject
Global
	GlobalSection(SolutionConfigurationPlatforms) = preSolution
		Debug|Any CPU = Debug|Any CPU
		Release|Any CPU = Release|Any CPU
	EndGlobalSection
	GlobalSection(ProjectConfigurationPlatforms) = postSolution
		{2F85EF8E-A1C3-4FE4-8C2D-7D524D667929}.Debug|Any CPU.ActiveCfg = Debug|Any CPU
		{2F85EF8E-A1C3-4FE4-8C2D-7D524D667929}.Debug|Any CPU.Build.0 = Debug|Any CPU
		{2F85EF8E-A1C3-4FE4-8C2D-7D524D667929}.Release|Any CPU.ActiveCfg = Release|Any CPU
		{2F85EF8E-A1C3-4FE4-8C2D-7D524D667929}.Release|Any CPU.Build.0 = Release|Any CPU
		{305D830A-F914-4C54-8A86-E404F26E8C9F}.Debug|Any CPU.ActiveCfg = Debug|Any CPU
		{305D830A-F914-4C54-8A86-E404F26E8C9F}.Debug|Any CPU.Build.0 = Debug|Any CPU
		{305D830A-F914-4C54-8A86-E404F26E8C9F}.Release|Any CPU.ActiveCfg = Release|Any CPU
		{305D830A-F914-4C54-8A86-E404F26E8C9F}.Release|Any CPU.Build.0 = Release|Any CPU
	EndGlobalSection
	GlobalSection(SolutionProperties) = preSolution
		HideSolutionNode = FALSE
	EndGlobalSection
	GlobalSection(ExtensibilityGlobals) = postSolution
		SolutionGuid = {77232ABF-F205-4B8B-A7EC-D3E32A9B9D5B}
	EndGlobalSection
EndGlobal
